
Microsoft Visual Studio Solution File, Format Version 12.00
# Visual Studio Version 17
VisualStudioVersion = 17.1.32319.34
MinimumVisualStudioVersion = 10.0.40219.1
Project("{8BC9CEB8-8B4A-11D0-8D11-00A0C91BC942}") = "reverse2", "reverse2.vcxproj", "{D9A183F6-6438-47EA-8EC6-10FF7935E74B}"
EndProject
Global
	GlobalSection(SolutionConfigurationPlatforms) = preSolution
		Debug|x64 = Debug|x64
		Debug|x86 = Debug|x86
		Release|x64 = Release|x64
		Release|x86 = Release|x86
	EndGlobalSection
	GlobalSection(ProjectConfigurationPlatforms) = postSolution
		{D9A183F6-6438-47EA-8EC6-10FF7935E74B}.Debug|x64.ActiveCfg = Debug|x64
		{D9A183F6-6438-47EA-8EC6-10FF7935E74B}.Debug|x64.Build.0 = Debug|x64
		{D9A183F6-6438-47EA-8EC6-10FF7935E74B}.Debug|x86.ActiveCfg = Debug|Win32
		{D9A183F6-6438-47EA-8EC6-10FF7935E74B}.Debug|x86.Build.0 = Debug|Win32
		{D9A183F6-6438-47EA-8EC6-10FF7935E74B}.Release|x64.ActiveCfg = Release|x64
		{D9A183F6-6438-47EA-8EC6-10FF7935E74B}.Release|x64.Build.0 = Release|x64
		{D9A183F6-6438-47EA-8EC6-10FF7935E74B}.Release|x86.ActiveCfg = Release|Win32
		{D9A183F6-6438-47EA-8EC6-10FF7935E74B}.Release|x86.Build.0 = Release|Win32
	EndGlobalSection
	GlobalSection(SolutionProperties) = preSolution
		HideSolutionNode = FALSE
	EndGlobalSection
	GlobalSection(ExtensibilityGlobals) = postSolution
		SolutionGuid = {382EB29F-E863-4194-A48E-46EA46BF3677}
	EndGlobalSection
EndGlobal
